{
  "name": "sweet-potato-examples",
  "version": "1.0.0",
  "lockfileVersion": 3,
  "requires": true,
  "packages": {
    "": {
      "name": "sweet-potato-examples",
      "version": "1.0.0",
      "license": "ISC",
      "dependencies": {
        "potato-framework": "^1.0.4"
      }
    },
    "node_modules/potato-framework": {
      "version": "1.0.4",
      "resolved": "https://registry.npmjs.org/potato-framework/-/potato-framework-1.0.4.tgz",
      "integrity": "sha512-aFuMn1XoGGJO3WGqzx/Ubky52rg1zE1tqA/wQtwWEze7VXdksiaEQ9Xynof9WlMCbbAEwXZ3kTIbxjR7aIBApQ=="
    }
  }
}
